
Microsoft Visual Studio Solution File, Format Version 12.00
# Visual Studio Version 17
VisualStudioVersion = 17.14.36401.2 d17.14
MinimumVisualStudioVersion = 10.0.40219.1
Project("{FAE04EC0-301F-11D3-BF4B-00C04F79EFBC}") = "Projeto.Web", "Projeto.Web\Projeto.Web.csproj", "{39A7BA96-14C5-9E3F-AA6A-C83FBA125C11}"
EndProject
Project("{FAE04EC0-301F-11D3-BF4B-00C04F79EFBC}") = "WebApplicationMvc.AppHost", "WebApplicationMvc.AppHost\WebApplicationMvc.AppHost.csproj", "{EF217456-E64B-41BD-A5F8-6DBACF70AACC}"
EndProject
Project("{FAE04EC0-301F-11D3-BF4B-00C04F79EFBC}") = "WebApplicationMvc.ServiceDefaults", "WebApplicationMvc.ServiceDefaults\WebApplicationMvc.ServiceDefaults.csproj", "{F12BFBAF-6D1B-8FBD-EACE-85DABBBB874B}"
EndProject
Project("{FAE04EC0-301F-11D3-BF4B-00C04F79EFBC}") = "Projeto.RegrasDeNegocio", "Projeto.RegrasDeNegocio\Projeto.RegrasDeNegocio.csproj", "{B2A7BA96-14C5-9E3F-AA6A-C83FBA125C22}"
EndProject
Project("{FAE04EC0-301F-11D3-BF4B-00C04F79EFBC}") = "Projeto.Infraestrutura", "Projeto.Infraestrutura\Projeto.Infraestrutura.csproj", "{C3A7BA96-14C5-9E3F-AA6A-C83FBA125C33}"
EndProject
Global
	GlobalSection(SolutionConfigurationPlatforms) = preSolution
		Debug|Any CPU = Debug|Any CPU
		Release|Any CPU = Release|Any CPU
	EndGlobalSection
	GlobalSection(ProjectConfigurationPlatforms) = postSolution
		{39A7BA96-14C5-9E3F-AA6A-C83FBA125C11}.Debug|Any CPU.ActiveCfg = Debug|Any CPU
		{39A7BA96-14C5-9E3F-AA6A-C83FBA125C11}.Debug|Any CPU.Build.0 = Debug|Any CPU
		{39A7BA96-14C5-9E3F-AA6A-C83FBA125C11}.Release|Any CPU.ActiveCfg = Release|Any CPU
		{39A7BA96-14C5-9E3F-AA6A-C83FBA125C11}.Release|Any CPU.Build.0 = Release|Any CPU
		{EF217456-E64B-41BD-A5F8-6DBACF70AACC}.Debug|Any CPU.ActiveCfg = Debug|Any CPU
		{EF217456-E64B-41BD-A5F8-6DBACF70AACC}.Debug|Any CPU.Build.0 = Debug|Any CPU
		{EF217456-E64B-41BD-A5F8-6DBACF70AACC}.Release|Any CPU.ActiveCfg = Release|Any CPU
		{EF217456-E64B-41BD-A5F8-6DBACF70AACC}.Release|Any CPU.Build.0 = Release|Any CPU
		{F12BFBAF-6D1B-8FBD-EACE-85DABBBB874B}.Debug|Any CPU.ActiveCfg = Debug|Any CPU
		{F12BFBAF-6D1B-8FBD-EACE-85DABBBB874B}.Debug|Any CPU.Build.0 = Debug|Any CPU
		{F12BFBAF-6D1B-8FBD-EACE-85DABBBB874B}.Release|Any CPU.ActiveCfg = Release|Any CPU
		{F12BFBAF-6D1B-8FBD-EACE-85DABBBB874B}.Release|Any CPU.Build.0 = Release|Any CPU
		{B2A7BA96-14C5-9E3F-AA6A-C83FBA125C22}.Debug|Any CPU.ActiveCfg = Debug|Any CPU
		{B2A7BA96-14C5-9E3F-AA6A-C83FBA125C22}.Debug|Any CPU.Build.0 = Debug|Any CPU
		{B2A7BA96-14C5-9E3F-AA6A-C83FBA125C22}.Release|Any CPU.ActiveCfg = Release|Any CPU
		{B2A7BA96-14C5-9E3F-AA6A-C83FBA125C22}.Release|Any CPU.Build.0 = Release|Any CPU
		{C3A7BA96-14C5-9E3F-AA6A-C83FBA125C33}.Debug|Any CPU.ActiveCfg = Debug|Any CPU
		{C3A7BA96-14C5-9E3F-AA6A-C83FBA125C33}.Debug|Any CPU.Build.0 = Debug|Any CPU
		{C3A7BA96-14C5-9E3F-AA6A-C83FBA125C33}.Release|Any CPU.ActiveCfg = Release|Any CPU
		{C3A7BA96-14C5-9E3F-AA6A-C83FBA125C33}.Release|Any CPU.Build.0 = Release|Any CPU
	EndGlobalSection
	GlobalSection(SolutionProperties) = preSolution
		HideSolutionNode = FALSE
	EndGlobalSection
	GlobalSection(ExtensibilityGlobals) = postSolution
		SolutionGuid = {36DB512E-7391-455E-AA7D-6F223387F000}
	EndGlobalSection
EndGlobal
